
Microsoft Visual Studio Solution File, Format Version 12.00
# Visual Studio Version 17
VisualStudioVersion = 17.9.34616.47
MinimumVisualStudioVersion = 10.0.40219.1
Project("{FAE04EC0-301F-11D3-BF4B-00C04F79EFBC}") = "PSSharp.Extensions.Uri", "PSSharp.Extensions.Uri\PSSharp.Extensions.Uri.csproj", "{CAEAFC44-7C68-4E62-B6B1-9D2F3518A2D6}"
EndProject
Project("{FAE04EC0-301F-11D3-BF4B-00C04F79EFBC}") = "PSSharp.Extensions.Uri.Tests", "PSSharp.Extensions.Uri.Tests\PSSharp.Extensions.Uri.Tests.csproj", "{ECC74C00-794B-4A6D-94C9-59A922EF6BD2}"
EndProject
Project("{FAE04EC0-301F-11D3-BF4B-00C04F79EFBC}") = "PSSharp.Extensions.Uri.Generator", "PSSharp.Extensions.Uri.Generator\PSSharp.Extensions.Uri.Generator.csproj", "{F24A1DCC-7407-4A3F-93B4-C2B4067FCE1D}"
EndProject
Project("{2150E333-8FDC-42A3-9474-1A3956D46DE8}") = "Solution Items", "Solution Items", "{8BEA24F8-D1BC-4AFD-BB76-72198440F763}"
	ProjectSection(SolutionItems) = preProject
		.editorconfig = .editorconfig
	EndProjectSection
EndProject
Global
	GlobalSection(SolutionConfigurationPlatforms) = preSolution
		Debug|Any CPU = Debug|Any CPU
		Release|Any CPU = Release|Any CPU
	EndGlobalSection
	GlobalSection(ProjectConfigurationPlatforms) = postSolution
		{CAEAFC44-7C68-4E62-B6B1-9D2F3518A2D6}.Debug|Any CPU.ActiveCfg = Debug|Any CPU
		{CAEAFC44-7C68-4E62-B6B1-9D2F3518A2D6}.Debug|Any CPU.Build.0 = Debug|Any CPU
		{CAEAFC44-7C68-4E62-B6B1-9D2F3518A2D6}.Release|Any CPU.ActiveCfg = Release|Any CPU
		{CAEAFC44-7C68-4E62-B6B1-9D2F3518A2D6}.Release|Any CPU.Build.0 = Release|Any CPU
		{ECC74C00-794B-4A6D-94C9-59A922EF6BD2}.Debug|Any CPU.ActiveCfg = Debug|Any CPU
		{ECC74C00-794B-4A6D-94C9-59A922EF6BD2}.Debug|Any CPU.Build.0 = Debug|Any CPU
		{ECC74C00-794B-4A6D-94C9-59A922EF6BD2}.Release|Any CPU.ActiveCfg = Release|Any CPU
		{ECC74C00-794B-4A6D-94C9-59A922EF6BD2}.Release|Any CPU.Build.0 = Release|Any CPU
		{F24A1DCC-7407-4A3F-93B4-C2B4067FCE1D}.Debug|Any CPU.ActiveCfg = Debug|Any CPU
		{F24A1DCC-7407-4A3F-93B4-C2B4067FCE1D}.Debug|Any CPU.Build.0 = Debug|Any CPU
		{F24A1DCC-7407-4A3F-93B4-C2B4067FCE1D}.Release|Any CPU.ActiveCfg = Release|Any CPU
		{F24A1DCC-7407-4A3F-93B4-C2B4067FCE1D}.Release|Any CPU.Build.0 = Release|Any CPU
	EndGlobalSection
	GlobalSection(SolutionProperties) = preSolution
		HideSolutionNode = FALSE
	EndGlobalSection
	GlobalSection(ExtensibilityGlobals) = postSolution
		SolutionGuid = {03072AF6-87EB-49E1-B277-E7D3AA4500E1}
	EndGlobalSection
EndGlobal
